
Microsoft Visual Studio Solution File, Format Version 12.00
# Visual Studio Version 17
VisualStudioVersion = 17.0.31903.59
MinimumVisualStudioVersion = 10.0.40219.1
Project("{FAE04EC0-301F-11D3-BF4B-00C04F79EFBC}") = "BuildingBlocks.Common", "src\BuildingBlocks\BuildingBlocks.Common\BuildingBlocks.Common.csproj", "{80D5A60E-AEE4-4B7A-9BCB-CD7CF3498F95}"
EndProject
Project("{FAE04EC0-301F-11D3-BF4B-00C04F79EFBC}") = "BuildingBlocks.Observability", "src\BuildingBlocks\BuildingBlocks.Observability\BuildingBlocks.Observability.csproj", "{46D98609-A6C4-4812-BB0B-A98D4DD8F887}"
EndProject
Project("{FAE04EC0-301F-11D3-BF4B-00C04F79EFBC}") = "BuildingBlocks.Resilience", "src\BuildingBlocks\BuildingBlocks.Resilience\BuildingBlocks.Resilience.csproj", "{49EF3FC9-5787-4404-A383-3DE4F2D00315}"
EndProject
Project("{FAE04EC0-301F-11D3-BF4B-00C04F79EFBC}") = "BuildingBlocks.Messaging", "src\BuildingBlocks\BuildingBlocks.Messaging\BuildingBlocks.Messaging.csproj", "{8405B737-150E-4FE9-8373-27D611B0FE99}"
EndProject
Project("{FAE04EC0-301F-11D3-BF4B-00C04F79EFBC}") = "BuildingBlocks.Security", "src\BuildingBlocks\BuildingBlocks.Security\BuildingBlocks.Security.csproj", "{0FAC3814-EE2C-431C-9759-1689C8F15FC8}"
EndProject
Project("{FAE04EC0-301F-11D3-BF4B-00C04F79EFBC}") = "Order.Api", "src\Services\Order\Order.Api\Order.Api.csproj", "{836E7AE4-40E3-4885-BAC5-96CFAAAA7B29}"
EndProject
Project("{FAE04EC0-301F-11D3-BF4B-00C04F79EFBC}") = "Order.Application", "src\Services\Order\Order.Application\Order.Application.csproj", "{38649B83-3E9F-4FEE-8A6E-E33DA5AA76F0}"
EndProject
Project("{FAE04EC0-301F-11D3-BF4B-00C04F79EFBC}") = "Order.Domain", "src\Services\Order\Order.Domain\Order.Domain.csproj", "{E4A3904D-BE28-447E-BF93-0EA106382E46}"
EndProject
Project("{FAE04EC0-301F-11D3-BF4B-00C04F79EFBC}") = "Order.Infrastructure", "src\Services\Order\Order.Infrastructure\Order.Infrastructure.csproj", "{A8B15EAC-FF55-4A88-977D-028250E9F8DA}"
EndProject
Project("{FAE04EC0-301F-11D3-BF4B-00C04F79EFBC}") = "Payment.Api", "src\Services\Payment\Payment.Api\Payment.Api.csproj", "{9ADC65A3-096A-4186-8FDD-C393ECA848DC}"
EndProject
Project("{FAE04EC0-301F-11D3-BF4B-00C04F79EFBC}") = "Payment.Application", "src\Services\Payment\Payment.Application\Payment.Application.csproj", "{974733E2-B632-4680-8C8D-0C59EFFBDEBC}"
EndProject
Project("{FAE04EC0-301F-11D3-BF4B-00C04F79EFBC}") = "Payment.Domain", "src\Services\Payment\Payment.Domain\Payment.Domain.csproj", "{84AEBD69-C9D4-47B0-9660-DB27483F28AE}"
EndProject
Project("{FAE04EC0-301F-11D3-BF4B-00C04F79EFBC}") = "Payment.Infrastructure", "src\Services\Payment\Payment.Infrastructure\Payment.Infrastructure.csproj", "{D497284D-E6AD-4B11-A67E-DC92D9497CEB}"
EndProject
Project("{FAE04EC0-301F-11D3-BF4B-00C04F79EFBC}") = "Inventory.Api", "src\Services\Inventory\Inventory.Api\Inventory.Api.csproj", "{19AA5D4E-FD0D-47E5-8510-0BED268BF0D9}"
EndProject
Project("{FAE04EC0-301F-11D3-BF4B-00C04F79EFBC}") = "Inventory.Application", "src\Services\Inventory\Inventory.Application\Inventory.Application.csproj", "{2C80BE33-7CF9-4A40-9AC7-36A5543B1966}"
EndProject
Project("{FAE04EC0-301F-11D3-BF4B-00C04F79EFBC}") = "Inventory.Domain", "src\Services\Inventory\Inventory.Domain\Inventory.Domain.csproj", "{595BC054-1E92-486A-B3E3-B65BE73BF069}"
EndProject
Project("{FAE04EC0-301F-11D3-BF4B-00C04F79EFBC}") = "Inventory.Infrastructure", "src\Services\Inventory\Inventory.Infrastructure\Inventory.Infrastructure.csproj", "{45D86E62-648F-4199-B92B-6DEE86974677}"
EndProject
Project("{FAE04EC0-301F-11D3-BF4B-00C04F79EFBC}") = "ApiGateway", "src\Gateway\ApiGateway\ApiGateway.csproj", "{C7A6A093-2AFF-4E15-9F99-DA14764B350C}"
EndProject
Project("{FAE04EC0-301F-11D3-BF4B-00C04F79EFBC}") = "JobService", "src\BackgroundJobs\JobService\JobService.csproj", "{2C8B8238-DA1D-4E65-8744-CE2366E61BC4}"
EndProject
Project("{FAE04EC0-301F-11D3-BF4B-00C04F79EFBC}") = "Saga.Api", "src\Services\Saga\Saga.Api\Saga.Api.csproj", "{56AC2F01-EAC8-47DF-AC11-72CF15C10BDF}"
EndProject
Project("{2150E333-8FDC-42A3-9474-1A3956D46DE8}") = "BuildingBlocks", "BuildingBlocks", "{B97A0401-5484-41F1-AE46-C545CABDF2CF}"
EndProject
Project("{2150E333-8FDC-42A3-9474-1A3956D46DE8}") = "Services", "Services", "{1BFDF340-91CF-4269-9FA3-D1866CE4CB12}"
EndProject
Project("{2150E333-8FDC-42A3-9474-1A3956D46DE8}") = "Gateway", "Gateway", "{6E8CF1B8-EC26-48E1-95A6-5F553B32CD46}"
EndProject
Project("{2150E333-8FDC-42A3-9474-1A3956D46DE8}") = "BackgroundJobs", "BackgroundJobs", "{553F8220-A25D-4B3D-A2B4-027BCD5228D0}"
EndProject
Project("{2150E333-8FDC-42A3-9474-1A3956D46DE8}") = "Order", "Order", "{09E14A1F-74F6-4613-8E0A-BA102729A989}"
EndProject
Project("{2150E333-8FDC-42A3-9474-1A3956D46DE8}") = "Payment", "Payment", "{6A4ABC2B-B506-481E-B1E3-58E727D1370F}"
EndProject
Project("{2150E333-8FDC-42A3-9474-1A3956D46DE8}") = "Inventory", "Inventory", "{ABE45319-4544-4453-A653-6E9EA9E0A670}"
EndProject
Project("{2150E333-8FDC-42A3-9474-1A3956D46DE8}") = "Saga", "Saga", "{067C2382-C3F6-4D64-8E51-BA26016D680A}"
EndProject
Global
	GlobalSection(SolutionConfigurationPlatforms) = preSolution
		Debug|Any CPU = Debug|Any CPU
		Release|Any CPU = Release|Any CPU
	EndGlobalSection
	GlobalSection(ProjectConfigurationPlatforms) = postSolution
		{80D5A60E-AEE4-4B7A-9BCB-CD7CF3498F95}.Debug|Any CPU.ActiveCfg = Debug|Any CPU
		{80D5A60E-AEE4-4B7A-9BCB-CD7CF3498F95}.Debug|Any CPU.Build.0 = Debug|Any CPU
		{80D5A60E-AEE4-4B7A-9BCB-CD7CF3498F95}.Release|Any CPU.ActiveCfg = Release|Any CPU
		{80D5A60E-AEE4-4B7A-9BCB-CD7CF3498F95}.Release|Any CPU.Build.0 = Release|Any CPU
		{46D98609-A6C4-4812-BB0B-A98D4DD8F887}.Debug|Any CPU.ActiveCfg = Debug|Any CPU
		{46D98609-A6C4-4812-BB0B-A98D4DD8F887}.Debug|Any CPU.Build.0 = Debug|Any CPU
		{46D98609-A6C4-4812-BB0B-A98D4DD8F887}.Release|Any CPU.ActiveCfg = Release|Any CPU
		{46D98609-A6C4-4812-BB0B-A98D4DD8F887}.Release|Any CPU.Build.0 = Release|Any CPU
		{49EF3FC9-5787-4404-A383-3DE4F2D00315}.Debug|Any CPU.ActiveCfg = Debug|Any CPU
		{49EF3FC9-5787-4404-A383-3DE4F2D00315}.Debug|Any CPU.Build.0 = Debug|Any CPU
		{49EF3FC9-5787-4404-A383-3DE4F2D00315}.Release|Any CPU.ActiveCfg = Release|Any CPU
		{49EF3FC9-5787-4404-A383-3DE4F2D00315}.Release|Any CPU.Build.0 = Release|Any CPU
		{8405B737-150E-4FE9-8373-27D611B0FE99}.Debug|Any CPU.ActiveCfg = Debug|Any CPU
		{8405B737-150E-4FE9-8373-27D611B0FE99}.Debug|Any CPU.Build.0 = Debug|Any CPU
		{8405B737-150E-4FE9-8373-27D611B0FE99}.Release|Any CPU.ActiveCfg = Release|Any CPU
		{8405B737-150E-4FE9-8373-27D611B0FE99}.Release|Any CPU.Build.0 = Release|Any CPU
		{0FAC3814-EE2C-431C-9759-1689C8F15FC8}.Debug|Any CPU.ActiveCfg = Debug|Any CPU
		{0FAC3814-EE2C-431C-9759-1689C8F15FC8}.Debug|Any CPU.Build.0 = Debug|Any CPU
		{0FAC3814-EE2C-431C-9759-1689C8F15FC8}.Release|Any CPU.ActiveCfg = Release|Any CPU
		{0FAC3814-EE2C-431C-9759-1689C8F15FC8}.Release|Any CPU.Build.0 = Release|Any CPU
		{836E7AE4-40E3-4885-BAC5-96CFAAAA7B29}.Debug|Any CPU.ActiveCfg = Debug|Any CPU
		{836E7AE4-40E3-4885-BAC5-96CFAAAA7B29}.Debug|Any CPU.Build.0 = Debug|Any CPU
		{836E7AE4-40E3-4885-BAC5-96CFAAAA7B29}.Release|Any CPU.ActiveCfg = Release|Any CPU
		{836E7AE4-40E3-4885-BAC5-96CFAAAA7B29}.Release|Any CPU.Build.0 = Release|Any CPU
		{38649B83-3E9F-4FEE-8A6E-E33DA5AA76F0}.Debug|Any CPU.ActiveCfg = Debug|Any CPU
		{38649B83-3E9F-4FEE-8A6E-E33DA5AA76F0}.Debug|Any CPU.Build.0 = Debug|Any CPU
		{38649B83-3E9F-4FEE-8A6E-E33DA5AA76F0}.Release|Any CPU.ActiveCfg = Release|Any CPU
		{38649B83-3E9F-4FEE-8A6E-E33DA5AA76F0}.Release|Any CPU.Build.0 = Release|Any CPU
		{E4A3904D-BE28-447E-BF93-0EA106382E46}.Debug|Any CPU.ActiveCfg = Debug|Any CPU
		{E4A3904D-BE28-447E-BF93-0EA106382E46}.Debug|Any CPU.Build.0 = Debug|Any CPU
		{E4A3904D-BE28-447E-BF93-0EA106382E46}.Release|Any CPU.ActiveCfg = Release|Any CPU
		{E4A3904D-BE28-447E-BF93-0EA106382E46}.Release|Any CPU.Build.0 = Release|Any CPU
		{A8B15EAC-FF55-4A88-977D-028250E9F8DA}.Debug|Any CPU.ActiveCfg = Debug|Any CPU
		{A8B15EAC-FF55-4A88-977D-028250E9F8DA}.Debug|Any CPU.Build.0 = Debug|Any CPU
		{A8B15EAC-FF55-4A88-977D-028250E9F8DA}.Release|Any CPU.ActiveCfg = Release|Any CPU
		{A8B15EAC-FF55-4A88-977D-028250E9F8DA}.Release|Any CPU.Build.0 = Release|Any CPU
		{9ADC65A3-096A-4186-8FDD-C393ECA848DC}.Debug|Any CPU.ActiveCfg = Debug|Any CPU
		{9ADC65A3-096A-4186-8FDD-C393ECA848DC}.Debug|Any CPU.Build.0 = Debug|Any CPU
		{9ADC65A3-096A-4186-8FDD-C393ECA848DC}.Release|Any CPU.ActiveCfg = Release|Any CPU
		{9ADC65A3-096A-4186-8FDD-C393ECA848DC}.Release|Any CPU.Build.0 = Release|Any CPU
		{974733E2-B632-4680-8C8D-0C59EFFBDEBC}.Debug|Any CPU.ActiveCfg = Debug|Any CPU
		{974733E2-B632-4680-8C8D-0C59EFFBDEBC}.Debug|Any CPU.Build.0 = Debug|Any CPU
		{974733E2-B632-4680-8C8D-0C59EFFBDEBC}.Release|Any CPU.ActiveCfg = Release|Any CPU
		{974733E2-B632-4680-8C8D-0C59EFFBDEBC}.Release|Any CPU.Build.0 = Release|Any CPU
		{84AEBD69-C9D4-47B0-9660-DB27483F28AE}.Debug|Any CPU.ActiveCfg = Debug|Any CPU
		{84AEBD69-C9D4-47B0-9660-DB27483F28AE}.Debug|Any CPU.Build.0 = Debug|Any CPU
		{84AEBD69-C9D4-47B0-9660-DB27483F28AE}.Release|Any CPU.ActiveCfg = Release|Any CPU
		{84AEBD69-C9D4-47B0-9660-DB27483F28AE}.Release|Any CPU.Build.0 = Release|Any CPU
		{D497284D-E6AD-4B11-A67E-DC92D9497CEB}.Debug|Any CPU.ActiveCfg = Debug|Any CPU
		{D497284D-E6AD-4B11-A67E-DC92D9497CEB}.Debug|Any CPU.Build.0 = Debug|Any CPU
		{D497284D-E6AD-4B11-A67E-DC92D9497CEB}.Release|Any CPU.ActiveCfg = Release|Any CPU
		{D497284D-E6AD-4B11-A67E-DC92D9497CEB}.Release|Any CPU.Build.0 = Release|Any CPU
		{19AA5D4E-FD0D-47E5-8510-0BED268BF0D9}.Debug|Any CPU.ActiveCfg = Debug|Any CPU
		{19AA5D4E-FD0D-47E5-8510-0BED268BF0D9}.Debug|Any CPU.Build.0 = Debug|Any CPU
		{19AA5D4E-FD0D-47E5-8510-0BED268BF0D9}.Release|Any CPU.ActiveCfg = Release|Any CPU
		{19AA5D4E-FD0D-47E5-8510-0BED268BF0D9}.Release|Any CPU.Build.0 = Release|Any CPU
		{2C80BE33-7CF9-4A40-9AC7-36A5543B1966}.Debug|Any CPU.ActiveCfg = Debug|Any CPU
		{2C80BE33-7CF9-4A40-9AC7-36A5543B1966}.Debug|Any CPU.Build.0 = Debug|Any CPU
		{2C80BE33-7CF9-4A40-9AC7-36A5543B1966}.Release|Any CPU.ActiveCfg = Release|Any CPU
		{2C80BE33-7CF9-4A40-9AC7-36A5543B1966}.Release|Any CPU.Build.0 = Release|Any CPU
		{595BC054-1E92-486A-B3E3-B65BE73BF069}.Debug|Any CPU.ActiveCfg = Debug|Any CPU
		{595BC054-1E92-486A-B3E3-B65BE73BF069}.Debug|Any CPU.Build.0 = Debug|Any CPU
		{595BC054-1E92-486A-B3E3-B65BE73BF069}.Release|Any CPU.ActiveCfg = Release|Any CPU
		{595BC054-1E92-486A-B3E3-B65BE73BF069}.Release|Any CPU.Build.0 = Release|Any CPU
		{45D86E62-648F-4199-B92B-6DEE86974677}.Debug|Any CPU.ActiveCfg = Debug|Any CPU
		{45D86E62-648F-4199-B92B-6DEE86974677}.Debug|Any CPU.Build.0 = Debug|Any CPU
		{45D86E62-648F-4199-B92B-6DEE86974677}.Release|Any CPU.ActiveCfg = Release|Any CPU
		{45D86E62-648F-4199-B92B-6DEE86974677}.Release|Any CPU.Build.0 = Release|Any CPU
		{C7A6A093-2AFF-4E15-9F99-DA14764B350C}.Debug|Any CPU.ActiveCfg = Debug|Any CPU
		{C7A6A093-2AFF-4E15-9F99-DA14764B350C}.Debug|Any CPU.Build.0 = Debug|Any CPU
		{C7A6A093-2AFF-4E15-9F99-DA14764B350C}.Release|Any CPU.ActiveCfg = Release|Any CPU
		{C7A6A093-2AFF-4E15-9F99-DA14764B350C}.Release|Any CPU.Build.0 = Release|Any CPU
		{2C8B8238-DA1D-4E65-8744-CE2366E61BC4}.Debug|Any CPU.ActiveCfg = Debug|Any CPU
		{2C8B8238-DA1D-4E65-8744-CE2366E61BC4}.Debug|Any CPU.Build.0 = Debug|Any CPU
		{2C8B8238-DA1D-4E65-8744-CE2366E61BC4}.Release|Any CPU.ActiveCfg = Release|Any CPU
		{2C8B8238-DA1D-4E65-8744-CE2366E61BC4}.Release|Any CPU.Build.0 = Release|Any CPU
		{56AC2F01-EAC8-47DF-AC11-72CF15C10BDF}.Debug|Any CPU.ActiveCfg = Debug|Any CPU
		{56AC2F01-EAC8-47DF-AC11-72CF15C10BDF}.Debug|Any CPU.Build.0 = Debug|Any CPU
		{56AC2F01-EAC8-47DF-AC11-72CF15C10BDF}.Release|Any CPU.ActiveCfg = Release|Any CPU
		{56AC2F01-EAC8-47DF-AC11-72CF15C10BDF}.Release|Any CPU.Build.0 = Release|Any CPU
	EndGlobalSection
	GlobalSection(NestedProjects) = preSolution
		{80D5A60E-AEE4-4B7A-9BCB-CD7CF3498F95} = {B97A0401-5484-41F1-AE46-C545CABDF2CF}
		{46D98609-A6C4-4812-BB0B-A98D4DD8F887} = {B97A0401-5484-41F1-AE46-C545CABDF2CF}
		{49EF3FC9-5787-4404-A383-3DE4F2D00315} = {B97A0401-5484-41F1-AE46-C545CABDF2CF}
		{8405B737-150E-4FE9-8373-27D611B0FE99} = {B97A0401-5484-41F1-AE46-C545CABDF2CF}
		{0FAC3814-EE2C-431C-9759-1689C8F15FC8} = {B97A0401-5484-41F1-AE46-C545CABDF2CF}
		{09E14A1F-74F6-4613-8E0A-BA102729A989} = {1BFDF340-91CF-4269-9FA3-D1866CE4CB12}
		{6A4ABC2B-B506-481E-B1E3-58E727D1370F} = {1BFDF340-91CF-4269-9FA3-D1866CE4CB12}
		{ABE45319-4544-4453-A653-6E9EA9E0A670} = {1BFDF340-91CF-4269-9FA3-D1866CE4CB12}
		{836E7AE4-40E3-4885-BAC5-96CFAAAA7B29} = {09E14A1F-74F6-4613-8E0A-BA102729A989}
		{38649B83-3E9F-4FEE-8A6E-E33DA5AA76F0} = {09E14A1F-74F6-4613-8E0A-BA102729A989}
		{E4A3904D-BE28-447E-BF93-0EA106382E46} = {09E14A1F-74F6-4613-8E0A-BA102729A989}
		{A8B15EAC-FF55-4A88-977D-028250E9F8DA} = {09E14A1F-74F6-4613-8E0A-BA102729A989}
		{9ADC65A3-096A-4186-8FDD-C393ECA848DC} = {6A4ABC2B-B506-481E-B1E3-58E727D1370F}
		{974733E2-B632-4680-8C8D-0C59EFFBDEBC} = {6A4ABC2B-B506-481E-B1E3-58E727D1370F}
		{84AEBD69-C9D4-47B0-9660-DB27483F28AE} = {6A4ABC2B-B506-481E-B1E3-58E727D1370F}
		{D497284D-E6AD-4B11-A67E-DC92D9497CEB} = {6A4ABC2B-B506-481E-B1E3-58E727D1370F}
		{19AA5D4E-FD0D-47E5-8510-0BED268BF0D9} = {ABE45319-4544-4453-A653-6E9EA9E0A670}
		{2C80BE33-7CF9-4A40-9AC7-36A5543B1966} = {ABE45319-4544-4453-A653-6E9EA9E0A670}
		{595BC054-1E92-486A-B3E3-B65BE73BF069} = {ABE45319-4544-4453-A653-6E9EA9E0A670}
		{45D86E62-648F-4199-B92B-6DEE86974677} = {ABE45319-4544-4453-A653-6E9EA9E0A670}
		{C7A6A093-2AFF-4E15-9F99-DA14764B350C} = {6E8CF1B8-EC26-48E1-95A6-5F553B32CD46}
		{2C8B8238-DA1D-4E65-8744-CE2366E61BC4} = {553F8220-A25D-4B3D-A2B4-027BCD5228D0}
		{56AC2F01-EAC8-47DF-AC11-72CF15C10BDF} = {067C2382-C3F6-4D64-8E51-BA26016D680A}
	EndGlobalSection
EndGlobal
